
Microsoft Visual Studio Solution File, Format Version 12.00
# Visual Studio Version 17
VisualStudioVersion = 17.9.34622.214
MinimumVisualStudioVersion = 10.0.40219.1
Project("{2150E333-8FDC-42A3-9474-1A3956D46DE8}") = "src", "src", "{D2CD0038-0B8B-4AF1-9714-B5BF4EF8BFBD}"
EndProject
Project("{2150E333-8FDC-42A3-9474-1A3956D46DE8}") = "tests", "tests", "{29A07681-BE8C-42A5-9E31-E6024DDE6EA4}"
EndProject
Project("{9A19103F-16F7-4668-BE54-9A1E7A4F7556}") = "FC.Codeflix.Catalog.UnitTests", "tests\FC.Codeflix.Catalog.UnitTests\FC.Codeflix.Catalog.UnitTests.csproj", "{489D80E0-C572-4AB8-BD3B-221EA7128555}"
EndProject
Project("{9A19103F-16F7-4668-BE54-9A1E7A4F7556}") = "FC.Codeflix.Catalog.Domain", "src\FC.Codeflix.Catalog.Domain\FC.Codeflix.Catalog.Domain.csproj", "{B6AD428B-B1D0-4151-99B1-FD3220135177}"
EndProject
Project("{FAE04EC0-301F-11D3-BF4B-00C04F79EFBC}") = "FC.Codeflix.Catalog.Application", "src\FC.Codeflix.Catalog.Application\FC.Codeflix.Catalog.Application.csproj", "{0B58FB70-26BD-43D3-907E-B678F469E5A3}"
EndProject
Global
	GlobalSection(SolutionConfigurationPlatforms) = preSolution
		Debug|Any CPU = Debug|Any CPU
		Release|Any CPU = Release|Any CPU
	EndGlobalSection
	GlobalSection(ProjectConfigurationPlatforms) = postSolution
		{489D80E0-C572-4AB8-BD3B-221EA7128555}.Debug|Any CPU.ActiveCfg = Debug|Any CPU
		{489D80E0-C572-4AB8-BD3B-221EA7128555}.Debug|Any CPU.Build.0 = Debug|Any CPU
		{489D80E0-C572-4AB8-BD3B-221EA7128555}.Release|Any CPU.ActiveCfg = Release|Any CPU
		{489D80E0-C572-4AB8-BD3B-221EA7128555}.Release|Any CPU.Build.0 = Release|Any CPU
		{B6AD428B-B1D0-4151-99B1-FD3220135177}.Debug|Any CPU.ActiveCfg = Debug|Any CPU
		{B6AD428B-B1D0-4151-99B1-FD3220135177}.Debug|Any CPU.Build.0 = Debug|Any CPU
		{B6AD428B-B1D0-4151-99B1-FD3220135177}.Release|Any CPU.ActiveCfg = Release|Any CPU
		{B6AD428B-B1D0-4151-99B1-FD3220135177}.Release|Any CPU.Build.0 = Release|Any CPU
		{0B58FB70-26BD-43D3-907E-B678F469E5A3}.Debug|Any CPU.ActiveCfg = Debug|Any CPU
		{0B58FB70-26BD-43D3-907E-B678F469E5A3}.Debug|Any CPU.Build.0 = Debug|Any CPU
		{0B58FB70-26BD-43D3-907E-B678F469E5A3}.Release|Any CPU.ActiveCfg = Release|Any CPU
		{0B58FB70-26BD-43D3-907E-B678F469E5A3}.Release|Any CPU.Build.0 = Release|Any CPU
	EndGlobalSection
	GlobalSection(SolutionProperties) = preSolution
		HideSolutionNode = FALSE
	EndGlobalSection
	GlobalSection(NestedProjects) = preSolution
		{489D80E0-C572-4AB8-BD3B-221EA7128555} = {29A07681-BE8C-42A5-9E31-E6024DDE6EA4}
		{B6AD428B-B1D0-4151-99B1-FD3220135177} = {D2CD0038-0B8B-4AF1-9714-B5BF4EF8BFBD}
		{0B58FB70-26BD-43D3-907E-B678F469E5A3} = {D2CD0038-0B8B-4AF1-9714-B5BF4EF8BFBD}
	EndGlobalSection
	GlobalSection(ExtensibilityGlobals) = postSolution
		SolutionGuid = {6D1483E7-620B-4EC1-B13B-51EBCE56F69B}
	EndGlobalSection
EndGlobal
